
Microsoft Visual Studio Solution File, Format Version 11.00
# Visual Studio 2010
Project("{FAE04EC0-301F-11D3-BF4B-00C04F79EFBC}") = "Assembly-CSharp", "Assembly-CSharp.csproj", "{99e60ea9-22d5-6f79-9575-f3f4202e98fd}"
EndProject
Project("{FAE04EC0-301F-11D3-BF4B-00C04F79EFBC}") = "Assembly-CSharp-firstpass", "Assembly-CSharp-firstpass.csproj", "{1849f4a7-ef56-716d-61e1-d53543424a43}"
EndProject
Project("{FAE04EC0-301F-11D3-BF4B-00C04F79EFBC}") = "Assembly-CSharp-Editor", "Assembly-CSharp-Editor.csproj", "{4e24bc71-4518-8bad-4a50-f35ec750642a}"
EndProject
Global
	GlobalSection(SolutionConfigurationPlatforms) = preSolution
		Debug|Any CPU = Debug|Any CPU
		Release|Any CPU = Release|Any CPU
	EndGlobalSection
	GlobalSection(ProjectConfigurationPlatforms) = postSolution
		{99e60ea9-22d5-6f79-9575-f3f4202e98fd}.Debug|Any CPU.ActiveCfg = Debug|Any CPU
		{99e60ea9-22d5-6f79-9575-f3f4202e98fd}.Debug|Any CPU.Build.0 = Debug|Any CPU
		{99e60ea9-22d5-6f79-9575-f3f4202e98fd}.Release|Any CPU.ActiveCfg = Release|Any CPU
		{99e60ea9-22d5-6f79-9575-f3f4202e98fd}.Release|Any CPU.Build.0 = Release|Any CPU
		{1849f4a7-ef56-716d-61e1-d53543424a43}.Debug|Any CPU.ActiveCfg = Debug|Any CPU
		{1849f4a7-ef56-716d-61e1-d53543424a43}.Debug|Any CPU.Build.0 = Debug|Any CPU
		{1849f4a7-ef56-716d-61e1-d53543424a43}.Release|Any CPU.ActiveCfg = Release|Any CPU
		{1849f4a7-ef56-716d-61e1-d53543424a43}.Release|Any CPU.Build.0 = Release|Any CPU
		{4e24bc71-4518-8bad-4a50-f35ec750642a}.Debug|Any CPU.ActiveCfg = Debug|Any CPU
		{4e24bc71-4518-8bad-4a50-f35ec750642a}.Debug|Any CPU.Build.0 = Debug|Any CPU
		{4e24bc71-4518-8bad-4a50-f35ec750642a}.Release|Any CPU.ActiveCfg = Release|Any CPU
		{4e24bc71-4518-8bad-4a50-f35ec750642a}.Release|Any CPU.Build.0 = Release|Any CPU
	EndGlobalSection
	GlobalSection(SolutionProperties) = preSolution
		HideSolutionNode = FALSE
	EndGlobalSection
EndGlobal
